
Microsoft Visual Studio Solution File, Format Version 11.00
# Visual Studio 2010
Project("{8BC9CEB8-8B4A-11D0-8D11-00A0C91BC942}") = "Vowel_Recognition", "Vowel_Recognition\Vowel_Recognition.vcxproj", "{3B3B6B6F-089F-4399-AE91-5B0ACC017544}"
EndProject
Global
	GlobalSection(SolutionConfigurationPlatforms) = preSolution
		Debug|Win32 = Debug|Win32
		Release|Win32 = Release|Win32
	EndGlobalSection
	GlobalSection(ProjectConfigurationPlatforms) = postSolution
		{3B3B6B6F-089F-4399-AE91-5B0ACC017544}.Debug|Win32.ActiveCfg = Debug|Win32
		{3B3B6B6F-089F-4399-AE91-5B0ACC017544}.Debug|Win32.Build.0 = Debug|Win32
		{3B3B6B6F-089F-4399-AE91-5B0ACC017544}.Release|Win32.ActiveCfg = Release|Win32
		{3B3B6B6F-089F-4399-AE91-5B0ACC017544}.Release|Win32.Build.0 = Release|Win32
	EndGlobalSection
	GlobalSection(SolutionProperties) = preSolution
		HideSolutionNode = FALSE
	EndGlobalSection
EndGlobal
